{
  "name": "BCI-Unicorn-Hybrid-Black_Firefox-plugin",
  "version": "1.0.0",
  "lockfileVersion": 3,
  "requires": true,
  "packages": {
    "": {
      "name": "BCI-Unicorn-Hybrid-Black_Firefox-plugin",
      "version": "1.0.0",
      "license": "AGPL-version-3.0",
      "dependencies": {
        "brainflow": "^5.16.0"
      },
      "devDependencies": {
        "@types/chrome": "^0.0.310",
        "@types/node": "^22.13.10",
        "typescript": "^5.8.2"
      },
      "engines": {
        "node": ">= 14.0.0",
        "npm": ">= 6.0.0"
      }
    },
    "node_modules/@types/chrome": {
      "version": "0.0.310",
      "resolved": "https://registry.npmjs.org/@types/chrome/-/chrome-0.0.310.tgz",
      "integrity": "sha512-2+C6NKe4DxGbT6v8noDOx5APEUtSxRL0Rzm2TVGYFkPi1fO36hiN9W1QIuGI93rdM34Qy4d+7orA+vXRZk5rjA==",
      "dev": true,
      "license": "MIT",
      "dependencies": {
        "@types/filesystem": "*",
        "@types/har-format": "*"
      }
    },
    "node_modules/@types/filesystem": {
      "version": "0.0.36",
      "resolved": "https://registry.npmjs.org/@types/filesystem/-/filesystem-0.0.36.tgz",
      "integrity": "sha512-vPDXOZuannb9FZdxgHnqSwAG/jvdGM8Wq+6N4D/d80z+D4HWH+bItqsZaVRQykAn6WEVeEkLm2oQigyHtgb0RA==",
      "dev": true,
      "license": "MIT",
      "dependencies": {
        "@types/filewriter": "*"
      }
    },
    "node_modules/@types/filewriter": {
      "version": "0.0.33",
      "resolved": "https://registry.npmjs.org/@types/filewriter/-/filewriter-0.0.33.tgz",
      "integrity": "sha512-xFU8ZXTw4gd358lb2jw25nxY9QAgqn2+bKKjKOYfNCzN4DKCFetK7sPtrlpg66Ywe3vWY9FNxprZawAh9wfJ3g==",
      "dev": true,
      "license": "MIT"
    },
    "node_modules/@types/har-format": {
      "version": "1.2.16",
      "resolved": "https://registry.npmjs.org/@types/har-format/-/har-format-1.2.16.tgz",
      "integrity": "sha512-fluxdy7ryD3MV6h8pTfTYpy/xQzCFC7m89nOH9y94cNqJ1mDIDPut7MnRHI3F6qRmh/cT2fUjG1MLdCNb4hE9A==",
      "dev": true,
      "license": "MIT"
    },
    "node_modules/@types/node": {
      "version": "22.13.10",
      "resolved": "https://registry.npmjs.org/@types/node/-/node-22.13.10.tgz",
      "integrity": "sha512-I6LPUvlRH+O6VRUqYOcMudhaIdUVWfsjnZavnsraHvpBwaEyMN29ry+0UVJhImYL16xsscu0aske3yA+uPOWfw==",
      "dev": true,
      "license": "MIT",
      "dependencies": {
        "undici-types": "~6.20.0"
      }
    },
    "node_modules/brainflow": {
      "version": "5.16.0",
      "resolved": "https://registry.npmjs.org/brainflow/-/brainflow-5.16.0.tgz",
      "integrity": "sha512-I0AtAl+OLTDtCKdjAwLts+YFyFL3wFf1aSTYaI46VH29mIGMplEsmi0veDhYKu0H9qHY4xKJM71FqXwyhonM0Q==",
      "license": "MIT",
      "dependencies": {
        "koffi": "2.5.7",
        "lodash": "4.17.21"
      }
    },
    "node_modules/koffi": {
      "version": "2.5.7",
      "resolved": "https://registry.npmjs.org/koffi/-/koffi-2.5.7.tgz",
      "integrity": "sha512-BQfUHG6hXJ8Wpd0kwl1n0jx3VPYN9F6yFCWEEUdyrBvb7YJBt5e762y5nQpbORkq5Tj96ZzriGIK9VCgY1qmGg==",
      "hasInstallScript": true,
      "license": "MIT"
    },
    "node_modules/lodash": {
      "version": "4.17.21",
      "resolved": "https://registry.npmjs.org/lodash/-/lodash-4.17.21.tgz",
      "integrity": "sha512-v2kDEe57lecTulaDIuNTPy3Ry4gLGJ6Z1O3vE1krgXZNrsQ+LFTGHVxVjcXPs17LhbZVGedAJv8XZ1tvj5FvSg==",
      "license": "MIT"
    },
    "node_modules/typescript": {
      "version": "5.8.2",
      "resolved": "https://registry.npmjs.org/typescript/-/typescript-5.8.2.tgz",
      "integrity": "sha512-aJn6wq13/afZp/jT9QZmwEjDqqvSGp1VT5GVg+f/t6/oVyrgXM6BY1h9BRh/O5p3PlUPAe+WuiEZOmb/49RqoQ==",
      "dev": true,
      "license": "Apache-2.0",
      "bin": {
        "tsc": "bin/tsc",
        "tsserver": "bin/tsserver"
      },
      "engines": {
        "node": ">=14.17"
      }
    },
    "node_modules/undici-types": {
      "version": "6.20.0",
      "resolved": "https://registry.npmjs.org/undici-types/-/undici-types-6.20.0.tgz",
      "integrity": "sha512-Ny6QZ2Nju20vw1SRHe3d9jVu6gJ+4e3+MMpqu7pqE5HT6WsTSlce++GQmK5UXS8mzV8DSYHrQH+Xrf2jVcuKNg==",
      "dev": true,
      "license": "MIT"
    }
  }
}
